
Microsoft Visual Studio Solution File, Format Version 12.00
# Visual Studio Version 17
VisualStudioVersion = 17.4.33122.133
MinimumVisualStudioVersion = 10.0.40219.1
Project("{9A19103F-16F7-4668-BE54-9A1E7A4F7556}") = "CamilleAPI", "CamilleAPI-Console\CamilleAPI.csproj", "{A2F62B70-E164-405C-954A-C1B99768AE38}"
EndProject
Global
	GlobalSection(SolutionConfigurationPlatforms) = preSolution
		Debug|Any CPU = Debug|Any CPU
		Release|Any CPU = Release|Any CPU
	EndGlobalSection
	GlobalSection(ProjectConfigurationPlatforms) = postSolution
		{A2F62B70-E164-405C-954A-C1B99768AE38}.Debug|Any CPU.ActiveCfg = Debug|Any CPU
		{A2F62B70-E164-405C-954A-C1B99768AE38}.Debug|Any CPU.Build.0 = Debug|Any CPU
		{A2F62B70-E164-405C-954A-C1B99768AE38}.Release|Any CPU.ActiveCfg = Release|Any CPU
		{A2F62B70-E164-405C-954A-C1B99768AE38}.Release|Any CPU.Build.0 = Release|Any CPU
	EndGlobalSection
	GlobalSection(SolutionProperties) = preSolution
		HideSolutionNode = FALSE
	EndGlobalSection
	GlobalSection(ExtensibilityGlobals) = postSolution
		SolutionGuid = {7A281612-344C-4901-A9AB-B8235CDB8C79}
	EndGlobalSection
EndGlobal
